
Microsoft Visual Studio Solution File, Format Version 12.00
# Visual Studio Version 16
VisualStudioVersion = 16.0.30413.136
MinimumVisualStudioVersion = 10.0.40219.1
Project("{FAE04EC0-301F-11D3-BF4B-00C04F79EFBC}") = "WindowsFormsApp1", "WindowsFormsApp1\WindowsFormsApp1.csproj", "{9DB3B214-A752-42FF-A6B2-9267DC694833}"
EndProject
Global
	GlobalSection(SolutionConfigurationPlatforms) = preSolution
		Debug|Any CPU = Debug|Any CPU
		Release|Any CPU = Release|Any CPU
	EndGlobalSection
	GlobalSection(ProjectConfigurationPlatforms) = postSolution
		{9DB3B214-A752-42FF-A6B2-9267DC694833}.Debug|Any CPU.ActiveCfg = Debug|Any CPU
		{9DB3B214-A752-42FF-A6B2-9267DC694833}.Debug|Any CPU.Build.0 = Debug|Any CPU
		{9DB3B214-A752-42FF-A6B2-9267DC694833}.Release|Any CPU.ActiveCfg = Release|Any CPU
		{9DB3B214-A752-42FF-A6B2-9267DC694833}.Release|Any CPU.Build.0 = Release|Any CPU
	EndGlobalSection
	GlobalSection(SolutionProperties) = preSolution
		HideSolutionNode = FALSE
	EndGlobalSection
	GlobalSection(ExtensibilityGlobals) = postSolution
		SolutionGuid = {0B1A1218-262A-43BF-910D-49941FC835C9}
	EndGlobalSection
EndGlobal
